
Microsoft Visual Studio Solution File, Format Version 12.00
# Visual Studio Version 17
VisualStudioVersion = 17.12.35521.163
MinimumVisualStudioVersion = 10.0.40219.1
Project("{FAE04EC0-301F-11D3-BF4B-00C04F79EFBC}") = "PSP1tryCursWork", "PSP1tryCursWork\PSP1tryCursWork.csproj", "{EB02CE98-641E-4B9A-A0FD-8E2CD513D0BD}"
EndProject
Project("{FAE04EC0-301F-11D3-BF4B-00C04F79EFBC}") = "Server", "Server\Server.csproj", "{4D07E9B0-23CB-4E63-B7F0-DA0D23AD05BE}"
EndProject
Global
	GlobalSection(SolutionConfigurationPlatforms) = preSolution
		Debug|Any CPU = Debug|Any CPU
		Release|Any CPU = Release|Any CPU
	EndGlobalSection
	GlobalSection(ProjectConfigurationPlatforms) = postSolution
		{EB02CE98-641E-4B9A-A0FD-8E2CD513D0BD}.Debug|Any CPU.ActiveCfg = Debug|Any CPU
		{EB02CE98-641E-4B9A-A0FD-8E2CD513D0BD}.Debug|Any CPU.Build.0 = Debug|Any CPU
		{EB02CE98-641E-4B9A-A0FD-8E2CD513D0BD}.Release|Any CPU.ActiveCfg = Release|Any CPU
		{EB02CE98-641E-4B9A-A0FD-8E2CD513D0BD}.Release|Any CPU.Build.0 = Release|Any CPU
		{4D07E9B0-23CB-4E63-B7F0-DA0D23AD05BE}.Debug|Any CPU.ActiveCfg = Debug|Any CPU
		{4D07E9B0-23CB-4E63-B7F0-DA0D23AD05BE}.Debug|Any CPU.Build.0 = Debug|Any CPU
		{4D07E9B0-23CB-4E63-B7F0-DA0D23AD05BE}.Release|Any CPU.ActiveCfg = Release|Any CPU
		{4D07E9B0-23CB-4E63-B7F0-DA0D23AD05BE}.Release|Any CPU.Build.0 = Release|Any CPU
	EndGlobalSection
	GlobalSection(SolutionProperties) = preSolution
		HideSolutionNode = FALSE
	EndGlobalSection
EndGlobal
